{
  "name": "npl",
  "version": "1.0.0",
  "lockfileVersion": 3,
  "requires": true,
  "packages": {
    "": {
      "name": "npl",
      "version": "1.0.0",
      "license": "ISC",
      "dependencies": {
        "lorca-nlp": "^1.0.12",
        "string-similarity": "^4.0.4"
      }
    },
    "node_modules/lorca-nlp": {
      "version": "1.0.12",
      "resolved": "https://registry.npmjs.org/lorca-nlp/-/lorca-nlp-1.0.12.tgz",
      "integrity": "sha512-yG8TjbwmpBCB0KGDkCVa/17Wz2CTDhSRc+pOEAA/NMC+5H4Sg3imjIXoG97QxjC5c4fR7hPbb8eMosDzBL4sgA=="
    },
    "node_modules/string-similarity": {
      "version": "4.0.4",
      "resolved": "https://registry.npmjs.org/string-similarity/-/string-similarity-4.0.4.tgz",
      "integrity": "sha512-/q/8Q4Bl4ZKAPjj8WerIBJWALKkaPRfrvhfF8k/B23i4nzrlRj2/go1m90In7nG/3XDSbOo0+pu6RvCTM9RGMQ==",
      "deprecated": "Package no longer supported. Contact Support at https://www.npmjs.com/support for more info."
    }
  }
}
